{
  "name": "nvjson",
  "version": "1.0.9",
  "lockfileVersion": 1,
  "requires": true,
  "dependencies": {
    "json-ast": {
      "version": "2.1.7",
      "resolved": "https://registry.npmjs.org/json-ast/-/json-ast-2.1.7.tgz",
      "integrity": "sha1-+vB+iy2AFrujlpqBhY9rGwTeZWQ="
    },
    "ndtreejs": {
      "version": "1.1.1",
      "resolved": "https://registry.npmjs.org/ndtreejs/-/ndtreejs-1.1.1.tgz",
      "integrity": "sha512-KmgpWRfnxVNf4HDsTp2JLkWJ/5tseAl7OCbF5uU1L/CU/pEjNiyFxePOd3YrB3xP9Y75muiaGk3jed5g2eakHA=="
    }
  }
}
